
Microsoft Visual Studio Solution File, Format Version 12.00
# Visual Studio Version 17
VisualStudioVersion = 17.4.33122.133
MinimumVisualStudioVersion = 10.0.40219.1
Project("{FAE04EC0-301F-11D3-BF4B-00C04F79EFBC}") = "PreenchimentoDeVetor_II1177", "PreenchimentoDeVetor_II1177\PreenchimentoDeVetor_II1177.csproj", "{03C7F049-2FB8-4A9F-888A-D273A35FD61D}"
EndProject
Global
	GlobalSection(SolutionConfigurationPlatforms) = preSolution
		Debug|Any CPU = Debug|Any CPU
		Release|Any CPU = Release|Any CPU
	EndGlobalSection
	GlobalSection(ProjectConfigurationPlatforms) = postSolution
		{03C7F049-2FB8-4A9F-888A-D273A35FD61D}.Debug|Any CPU.ActiveCfg = Debug|Any CPU
		{03C7F049-2FB8-4A9F-888A-D273A35FD61D}.Debug|Any CPU.Build.0 = Debug|Any CPU
		{03C7F049-2FB8-4A9F-888A-D273A35FD61D}.Release|Any CPU.ActiveCfg = Release|Any CPU
		{03C7F049-2FB8-4A9F-888A-D273A35FD61D}.Release|Any CPU.Build.0 = Release|Any CPU
	EndGlobalSection
	GlobalSection(SolutionProperties) = preSolution
		HideSolutionNode = FALSE
	EndGlobalSection
	GlobalSection(ExtensibilityGlobals) = postSolution
		SolutionGuid = {09C45F14-A31A-4D83-8F43-CEE7FBA7B8E7}
	EndGlobalSection
EndGlobal
