
Microsoft Visual Studio Solution File, Format Version 12.00
# Visual Studio Version 17
VisualStudioVersion = 17.4.33110.190
MinimumVisualStudioVersion = 10.0.40219.1
Project("{FAE04EC0-301F-11D3-BF4B-00C04F79EFBC}") = "ParesImparesPositivosENegativos", "ParesImparesPositivosENegativos\ParesImparesPositivosENegativos.csproj", "{EA6E93E3-B1CF-4948-A220-F906FBE1E15F}"
EndProject
Global
	GlobalSection(SolutionConfigurationPlatforms) = preSolution
		Debug|Any CPU = Debug|Any CPU
		Release|Any CPU = Release|Any CPU
	EndGlobalSection
	GlobalSection(ProjectConfigurationPlatforms) = postSolution
		{EA6E93E3-B1CF-4948-A220-F906FBE1E15F}.Debug|Any CPU.ActiveCfg = Debug|Any CPU
		{EA6E93E3-B1CF-4948-A220-F906FBE1E15F}.Debug|Any CPU.Build.0 = Debug|Any CPU
		{EA6E93E3-B1CF-4948-A220-F906FBE1E15F}.Release|Any CPU.ActiveCfg = Release|Any CPU
		{EA6E93E3-B1CF-4948-A220-F906FBE1E15F}.Release|Any CPU.Build.0 = Release|Any CPU
	EndGlobalSection
	GlobalSection(SolutionProperties) = preSolution
		HideSolutionNode = FALSE
	EndGlobalSection
	GlobalSection(ExtensibilityGlobals) = postSolution
		SolutionGuid = {524E78A8-A290-40E8-89EE-04E6081F02F6}
	EndGlobalSection
EndGlobal
