
Microsoft Visual Studio Solution File, Format Version 12.00
# Visual Studio Version 17
VisualStudioVersion = 17.4.33122.133
MinimumVisualStudioVersion = 10.0.40219.1
Project("{FAE04EC0-301F-11D3-BF4B-00C04F79EFBC}") = "TempoDeUmEvento", "TempoDeUmEvento\TempoDeUmEvento.csproj", "{10FD1B2A-8388-469C-BFAA-C39EFAFEE575}"
EndProject
Global
	GlobalSection(SolutionConfigurationPlatforms) = preSolution
		Debug|Any CPU = Debug|Any CPU
		Release|Any CPU = Release|Any CPU
	EndGlobalSection
	GlobalSection(ProjectConfigurationPlatforms) = postSolution
		{10FD1B2A-8388-469C-BFAA-C39EFAFEE575}.Debug|Any CPU.ActiveCfg = Debug|Any CPU
		{10FD1B2A-8388-469C-BFAA-C39EFAFEE575}.Debug|Any CPU.Build.0 = Debug|Any CPU
		{10FD1B2A-8388-469C-BFAA-C39EFAFEE575}.Release|Any CPU.ActiveCfg = Release|Any CPU
		{10FD1B2A-8388-469C-BFAA-C39EFAFEE575}.Release|Any CPU.Build.0 = Release|Any CPU
	EndGlobalSection
	GlobalSection(SolutionProperties) = preSolution
		HideSolutionNode = FALSE
	EndGlobalSection
	GlobalSection(ExtensibilityGlobals) = postSolution
		SolutionGuid = {AB8E2AAB-7904-4437-9423-0A7C9401916F}
	EndGlobalSection
EndGlobal
