
Microsoft Visual Studio Solution File, Format Version 12.00
# Visual Studio Version 17
VisualStudioVersion = 17.4.33110.190
MinimumVisualStudioVersion = 10.0.40219.1
Project("{FAE04EC0-301F-11D3-BF4B-00C04F79EFBC}") = "Animal", "Animal\Animal.csproj", "{784488A5-DD77-4502-9100-F2C9636AD0B2}"
EndProject
Global
	GlobalSection(SolutionConfigurationPlatforms) = preSolution
		Debug|Any CPU = Debug|Any CPU
		Release|Any CPU = Release|Any CPU
	EndGlobalSection
	GlobalSection(ProjectConfigurationPlatforms) = postSolution
		{784488A5-DD77-4502-9100-F2C9636AD0B2}.Debug|Any CPU.ActiveCfg = Debug|Any CPU
		{784488A5-DD77-4502-9100-F2C9636AD0B2}.Debug|Any CPU.Build.0 = Debug|Any CPU
		{784488A5-DD77-4502-9100-F2C9636AD0B2}.Release|Any CPU.ActiveCfg = Release|Any CPU
		{784488A5-DD77-4502-9100-F2C9636AD0B2}.Release|Any CPU.Build.0 = Release|Any CPU
	EndGlobalSection
	GlobalSection(SolutionProperties) = preSolution
		HideSolutionNode = FALSE
	EndGlobalSection
	GlobalSection(ExtensibilityGlobals) = postSolution
		SolutionGuid = {7FD288C7-6BFC-4974-9DFD-93770C07BF1F}
	EndGlobalSection
EndGlobal
